// !$*UTF8*$!
{
	archiveVersion = 1;
	classes = {
	};
	objectVersion = 48;
	objects = {

/* Begin PBXBuildFile section */
		181C29EF20075F5B002814D2 /* AppDelegate.m in Sources */ = {isa = PBXBuildFile; fileRef = 181C29EE20075F5B002814D2 /* AppDelegate.m */; };
		181C29F220075F5B002814D2 /* ViewController.m in Sources */ = {isa = PBXBuildFile; fileRef = 181C29F120075F5B002814D2 /* ViewController.m */; };
		181C29F520075F5B002814D2 /* Main.storyboard in Resources */ = {isa = PBXBuildFile; fileRef = 181C29F320075F5B002814D2 /* Main.storyboard */; };
		181C29F720075F5B002814D2 /* Assets.xcassets in Resources */ = {isa = PBXBuildFile; fileRef = 181C29F620075F5B002814D2 /* Assets.xcassets */; };
		181C29FA20075F5B002814D2 /* LaunchScreen.storyboard in Resources */ = {isa = PBXBuildFile; fileRef = 181C29F820075F5B002814D2 /* LaunchScreen.storyboard */; };
		181C29FD20075F5B002814D2 /* main.m in Sources */ = {isa = PBXBuildFile; fileRef = 181C29FC20075F5B002814D2 /* main.m */; };
		181C2A0720075F5B002814D2 /* MasonryTestTests.m in Sources */ = {isa = PBXBuildFile; fileRef = 181C2A0620075F5B002814D2 /* MasonryTestTests.m */; };
		181C2A1220075F5B002814D2 /* MasonryTestUITests.m in Sources */ = {isa = PBXBuildFile; fileRef = 181C2A1120075F5B002814D2 /* MasonryTestUITests.m */; };
		181C2A21200850AB002814D2 /* BasicViewController.m in Sources */ = {isa = PBXBuildFile; fileRef = 181C2A20200850AB002814D2 /* BasicViewController.m */; };
		181C2A2420085194002814D2 /* HomeViewController.m in Sources */ = {isa = PBXBuildFile; fileRef = 181C2A2320085194002814D2 /* HomeViewController.m */; };
		181C2A27200855AD002814D2 /* TheSameInsetViewController.m in Sources */ = {isa = PBXBuildFile; fileRef = 181C2A26200855AD002814D2 /* TheSameInsetViewController.m */; };
		181C2A2A20085967002814D2 /* Test1ViewController.m in Sources */ = {isa = PBXBuildFile; fileRef = 181C2A2920085967002814D2 /* Test1ViewController.m */; };
		181C2A4D20088178002814D2 /* MASLayoutConstraint.m in Sources */ = {isa = PBXBuildFile; fileRef = 181C2A3420088177002814D2 /* MASLayoutConstraint.m */; };
		181C2A4E20088178002814D2 /* View+MASAdditions.m in Sources */ = {isa = PBXBuildFile; fileRef = 181C2A3520088177002814D2 /* View+MASAdditions.m */; };
		181C2A4F20088178002814D2 /* MASCompositeConstraint.m in Sources */ = {isa = PBXBuildFile; fileRef = 181C2A3820088177002814D2 /* MASCompositeConstraint.m */; };
		181C2A5020088178002814D2 /* ViewController+MASAdditions.m in Sources */ = {isa = PBXBuildFile; fileRef = 181C2A3920088177002814D2 /* ViewController+MASAdditions.m */; };
		181C2A5120088178002814D2 /* MASConstraintMaker.m in Sources */ = {isa = PBXBuildFile; fileRef = 181C2A3D20088177002814D2 /* MASConstraintMaker.m */; };
		181C2A5220088178002814D2 /* MASViewAttribute.m in Sources */ = {isa = PBXBuildFile; fileRef = 181C2A4120088177002814D2 /* MASViewAttribute.m */; };
		181C2A5320088178002814D2 /* MASConstraint.m in Sources */ = {isa = PBXBuildFile; fileRef = 181C2A4220088177002814D2 /* MASConstraint.m */; };
		181C2A5420088178002814D2 /* NSLayoutConstraint+MASDebugAdditions.m in Sources */ = {isa = PBXBuildFile; fileRef = 181C2A4420088178002814D2 /* NSLayoutConstraint+MASDebugAdditions.m */; };
		181C2A5520088178002814D2 /* MASViewConstraint.m in Sources */ = {isa = PBXBuildFile; fileRef = 181C2A4720088178002814D2 /* MASViewConstraint.m */; };
		181C2A5620088178002814D2 /* NSArray+MASAdditions.m in Sources */ = {isa = PBXBuildFile; fileRef = 181C2A4C20088178002814D2 /* NSArray+MASAdditions.m */; };
		18707286200C3F9A00690BF6 /* MasBasicViewController.m in Sources */ = {isa = PBXBuildFile; fileRef = 18707285200C3F9A00690BF6 /* MasBasicViewController.m */; };
		18C0789720103DFC00E8A758 /* ScrollViewController.m in Sources */ = {isa = PBXBuildFile; fileRef = 18C0789620103DFC00E8A758 /* ScrollViewController.m */; };
/* End PBXBuildFile section */

/* Begin PBXContainerItemProxy section */
		181C2A0320075F5B002814D2 /* PBXContainerItemProxy */ = {
			isa = PBXContainerItemProxy;
			containerPortal = 181C29E220075F5B002814D2 /* Project object */;
			proxyType = 1;
			remoteGlobalIDString = 181C29E920075F5B002814D2;
			remoteInfo = MasonryTest;
		};
		181C2A0E20075F5B002814D2 /* PBXContainerItemProxy */ = {
			isa = PBXContainerItemProxy;
			containerPortal = 181C29E220075F5B002814D2 /* Project object */;
			proxyType = 1;
			remoteGlobalIDString = 181C29E920075F5B002814D2;
			remoteInfo = MasonryTest;
		};
/* End PBXContainerItemProxy section */

/* Begin PBXFileReference section */
		181C29EA20075F5B002814D2 /* MasonryTest.app */ = {isa = PBXFileReference; explicitFileType = wrapper.application; includeInIndex = 0; path = MasonryTest.app; sourceTree = BUILT_PRODUCTS_DIR; };
		181C29ED20075F5B002814D2 /* AppDelegate.h */ = {isa = PBXFileReference; lastKnownFileType = sourcecode.c.h; path = AppDelegate.h; sourceTree = "<group>"; };
		181C29EE20075F5B002814D2 /* AppDelegate.m */ = {isa = PBXFileReference; lastKnownFileType = sourcecode.c.objc; path = AppDelegate.m; sourceTree = "<group>"; };
		181C29F020075F5B002814D2 /* ViewController.h */ = {isa = PBXFileReference; lastKnownFileType = sourcecode.c.h; path = ViewController.h; sourceTree = "<group>"; };
		181C29F120075F5B002814D2 /* ViewController.m */ = {isa = PBXFileReference; lastKnownFileType = sourcecode.c.objc; path = ViewController.m; sourceTree = "<group>"; };
		181C29F420075F5B002814D2 /* Base */ = {isa = PBXFileReference; lastKnownFileType = file.storyboard; name = Base; path = Base.lproj/Main.storyboard; sourceTree = "<group>"; };
		181C29F620075F5B002814D2 /* Assets.xcassets */ = {isa = PBXFileReference; lastKnownFileType = folder.assetcatalog; path = Assets.xcassets; sourceTree = "<group>"; };
		181C29F920075F5B002814D2 /* Base */ = {isa = PBXFileReference; lastKnownFileType = file.storyboard; name = Base; path = Base.lproj/LaunchScreen.storyboard; sourceTree = "<group>"; };
		181C29FB20075F5B002814D2 /* Info.plist */ = {isa = PBXFileReference; lastKnownFileType = text.plist.xml; path = Info.plist; sourceTree = "<group>"; };
		181C29FC20075F5B002814D2 /* main.m */ = {isa = PBXFileReference; lastKnownFileType = sourcecode.c.objc; path = main.m; sourceTree = "<group>"; };
		181C2A0220075F5B002814D2 /* MasonryTestTests.xctest */ = {isa = PBXFileReference; explicitFileType = wrapper.cfbundle; includeInIndex = 0; path = MasonryTestTests.xctest; sourceTree = BUILT_PRODUCTS_DIR; };
		181C2A0620075F5B002814D2 /* MasonryTestTests.m */ = {isa = PBXFileReference; lastKnownFileType = sourcecode.c.objc; path = MasonryTestTests.m; sourceTree = "<group>"; };
		181C2A0820075F5B002814D2 /* Info.plist */ = {isa = PBXFileReference; lastKnownFileType = text.plist.xml; path = Info.plist; sourceTree = "<group>"; };
		181C2A0D20075F5B002814D2 /* MasonryTestUITests.xctest */ = {isa = PBXFileReference; explicitFileType = wrapper.cfbundle; includeInIndex = 0; path = MasonryTestUITests.xctest; sourceTree = BUILT_PRODUCTS_DIR; };
		181C2A1120075F5B002814D2 /* MasonryTestUITests.m */ = {isa = PBXFileReference; lastKnownFileType = sourcecode.c.objc; path = MasonryTestUITests.m; sourceTree = "<group>"; };
		181C2A1320075F5B002814D2 /* Info.plist */ = {isa = PBXFileReference; lastKnownFileType = text.plist.xml; path = Info.plist; sourceTree = "<group>"; };
		181C2A1F200850AB002814D2 /* BasicViewController.h */ = {isa = PBXFileReference; lastKnownFileType = sourcecode.c.h; path = BasicViewController.h; sourceTree = "<group>"; };
		181C2A20200850AB002814D2 /* BasicViewController.m */ = {isa = PBXFileReference; lastKnownFileType = sourcecode.c.objc; path = BasicViewController.m; sourceTree = "<group>"; };
		181C2A2220085194002814D2 /* HomeViewController.h */ = {isa = PBXFileReference; lastKnownFileType = sourcecode.c.h; path = HomeViewController.h; sourceTree = "<group>"; };
		181C2A2320085194002814D2 /* HomeViewController.m */ = {isa = PBXFileReference; lastKnownFileType = sourcecode.c.objc; path = HomeViewController.m; sourceTree = "<group>"; };
		181C2A25200855AD002814D2 /* TheSameInsetViewController.h */ = {isa = PBXFileReference; lastKnownFileType = sourcecode.c.h; path = TheSameInsetViewController.h; sourceTree = "<group>"; };
		181C2A26200855AD002814D2 /* TheSameInsetViewController.m */ = {isa = PBXFileReference; lastKnownFileType = sourcecode.c.objc; path = TheSameInsetViewController.m; sourceTree = "<group>"; };
		181C2A2820085967002814D2 /* Test1ViewController.h */ = {isa = PBXFileReference; lastKnownFileType = sourcecode.c.h; path = Test1ViewController.h; sourceTree = "<group>"; };
		181C2A2920085967002814D2 /* Test1ViewController.m */ = {isa = PBXFileReference; lastKnownFileType = sourcecode.c.objc; path = Test1ViewController.m; sourceTree = "<group>"; };
		181C2A3420088177002814D2 /* MASLayoutConstraint.m */ = {isa = PBXFileReference; fileEncoding = 4; lastKnownFileType = sourcecode.c.objc; name = MASLayoutConstraint.m; path = MasonryTest/Masonry/MASLayoutConstraint.m; sourceTree = SOURCE_ROOT; };
		181C2A3520088177002814D2 /* View+MASAdditions.m */ = {isa = PBXFileReference; fileEncoding = 4; lastKnownFileType = sourcecode.c.objc; name = "View+MASAdditions.m"; path = "MasonryTest/Masonry/View+MASAdditions.m"; sourceTree = SOURCE_ROOT; };
		181C2A3620088177002814D2 /* NSLayoutConstraint+MASDebugAdditions.h */ = {isa = PBXFileReference; fileEncoding = 4; lastKnownFileType = sourcecode.c.h; name = "NSLayoutConstraint+MASDebugAdditions.h"; path = "MasonryTest/Masonry/NSLayoutConstraint+MASDebugAdditions.h"; sourceTree = SOURCE_ROOT; };
		181C2A3720088177002814D2 /* ViewController+MASAdditions.h */ = {isa = PBXFileReference; fileEncoding = 4; lastKnownFileType = sourcecode.c.h; name = "ViewController+MASAdditions.h"; path = "MasonryTest/Masonry/ViewController+MASAdditions.h"; sourceTree = SOURCE_ROOT; };
		181C2A3820088177002814D2 /* MASCompositeConstraint.m */ = {isa = PBXFileReference; fileEncoding = 4; lastKnownFileType = sourcecode.c.objc; name = MASCompositeConstraint.m; path = MasonryTest/Masonry/MASCompositeConstraint.m; sourceTree = SOURCE_ROOT; };
		181C2A3920088177002814D2 /* ViewController+MASAdditions.m */ = {isa = PBXFileReference; fileEncoding = 4; lastKnownFileType = sourcecode.c.objc; name = "ViewController+MASAdditions.m"; path = "MasonryTest/Masonry/ViewController+MASAdditions.m"; sourceTree = SOURCE_ROOT; };
		181C2A3A20088177002814D2 /* Masonry.h */ = {isa = PBXFileReference; fileEncoding = 4; lastKnownFileType = sourcecode.c.h; name = Masonry.h; path = MasonryTest/Masonry/Masonry.h; sourceTree = SOURCE_ROOT; };
		181C2A3B20088177002814D2 /* MASViewConstraint.h */ = {isa = PBXFileReference; fileEncoding = 4; lastKnownFileType = sourcecode.c.h; name = MASViewConstraint.h; path = MasonryTest/Masonry/MASViewConstraint.h; sourceTree = SOURCE_ROOT; };
		181C2A3C20088177002814D2 /* MASConstraintMaker.h */ = {isa = PBXFileReference; fileEncoding = 4; lastKnownFileType = sourcecode.c.h; name = MASConstraintMaker.h; path = MasonryTest/Masonry/MASConstraintMaker.h; sourceTree = SOURCE_ROOT; };
		181C2A3D20088177002814D2 /* MASConstraintMaker.m */ = {isa = PBXFileReference; fileEncoding = 4; lastKnownFileType = sourcecode.c.objc; name = MASConstraintMaker.m; path = MasonryTest/Masonry/MASConstraintMaker.m; sourceTree = SOURCE_ROOT; };
		181C2A3E20088177002814D2 /* MASCompositeConstraint.h */ = {isa = PBXFileReference; fileEncoding = 4; lastKnownFileType = sourcecode.c.h; name = MASCompositeConstraint.h; path = MasonryTest/Masonry/MASCompositeConstraint.h; sourceTree = SOURCE_ROOT; };
		181C2A3F20088177002814D2 /* MASLayoutConstraint.h */ = {isa = PBXFileReference; fileEncoding = 4; lastKnownFileType = sourcecode.c.h; name = MASLayoutConstraint.h; path = MasonryTest/Masonry/MASLayoutConstraint.h; sourceTree = SOURCE_ROOT; };
		181C2A4020088177002814D2 /* NSArray+MASAdditions.h */ = {isa = PBXFileReference; fileEncoding = 4; lastKnownFileType = sourcecode.c.h; name = "NSArray+MASAdditions.h"; path = "MasonryTest/Masonry/NSArray+MASAdditions.h"; sourceTree = SOURCE_ROOT; };
		181C2A4120088177002814D2 /* MASViewAttribute.m */ = {isa = PBXFileReference; fileEncoding = 4; lastKnownFileType = sourcecode.c.objc; name = MASViewAttribute.m; path = MasonryTest/Masonry/MASViewAttribute.m; sourceTree = SOURCE_ROOT; };
		181C2A4220088177002814D2 /* MASConstraint.m */ = {isa = PBXFileReference; fileEncoding = 4; lastKnownFileType = sourcecode.c.objc; name = MASConstraint.m; path = MasonryTest/Masonry/MASConstraint.m; sourceTree = SOURCE_ROOT; };
		181C2A4320088177002814D2 /* View+MASShorthandAdditions.h */ = {isa = PBXFileReference; fileEncoding = 4; lastKnownFileType = sourcecode.c.h; name = "View+MASShorthandAdditions.h"; path = "MasonryTest/Masonry/View+MASShorthandAdditions.h"; sourceTree = SOURCE_ROOT; };
		181C2A4420088178002814D2 /* NSLayoutConstraint+MASDebugAdditions.m */ = {isa = PBXFileReference; fileEncoding = 4; lastKnownFileType = sourcecode.c.objc; name = "NSLayoutConstraint+MASDebugAdditions.m"; path = "MasonryTest/Masonry/NSLayoutConstraint+MASDebugAdditions.m"; sourceTree = SOURCE_ROOT; };
		181C2A4520088178002814D2 /* MASUtilities.h */ = {isa = PBXFileReference; fileEncoding = 4; lastKnownFileType = sourcecode.c.h; name = MASUtilities.h; path = MasonryTest/Masonry/MASUtilities.h; sourceTree = SOURCE_ROOT; };
		181C2A4620088178002814D2 /* MASConstraint.h */ = {isa = PBXFileReference; fileEncoding = 4; lastKnownFileType = sourcecode.c.h; name = MASConstraint.h; path = MasonryTest/Masonry/MASConstraint.h; sourceTree = SOURCE_ROOT; };
		181C2A4720088178002814D2 /* MASViewConstraint.m */ = {isa = PBXFileReference; fileEncoding = 4; lastKnownFileType = sourcecode.c.objc; name = MASViewConstraint.m; path = MasonryTest/Masonry/MASViewConstraint.m; sourceTree = SOURCE_ROOT; };
		181C2A4820088178002814D2 /* MASConstraint+Private.h */ = {isa = PBXFileReference; fileEncoding = 4; lastKnownFileType = sourcecode.c.h; name = "MASConstraint+Private.h"; path = "MasonryTest/Masonry/MASConstraint+Private.h"; sourceTree = SOURCE_ROOT; };
		181C2A4920088178002814D2 /* MASViewAttribute.h */ = {isa = PBXFileReference; fileEncoding = 4; lastKnownFileType = sourcecode.c.h; name = MASViewAttribute.h; path = MasonryTest/Masonry/MASViewAttribute.h; sourceTree = SOURCE_ROOT; };
		181C2A4A20088178002814D2 /* NSArray+MASShorthandAdditions.h */ = {isa = PBXFileReference; fileEncoding = 4; lastKnownFileType = sourcecode.c.h; name = "NSArray+MASShorthandAdditions.h"; path = "MasonryTest/Masonry/NSArray+MASShorthandAdditions.h"; sourceTree = SOURCE_ROOT; };
		181C2A4B20088178002814D2 /* View+MASAdditions.h */ = {isa = PBXFileReference; fileEncoding = 4; lastKnownFileType = sourcecode.c.h; name = "View+MASAdditions.h"; path = "MasonryTest/Masonry/View+MASAdditions.h"; sourceTree = SOURCE_ROOT; };
		181C2A4C20088178002814D2 /* NSArray+MASAdditions.m */ = {isa = PBXFileReference; fileEncoding = 4; lastKnownFileType = sourcecode.c.objc; name = "NSArray+MASAdditions.m"; path = "MasonryTest/Masonry/NSArray+MASAdditions.m"; sourceTree = SOURCE_ROOT; };
		18707284200C3F9A00690BF6 /* MasBasicViewController.h */ = {isa = PBXFileReference; lastKnownFileType = sourcecode.c.h; path = MasBasicViewController.h; sourceTree = "<group>"; };
		18707285200C3F9A00690BF6 /* MasBasicViewController.m */ = {isa = PBXFileReference; lastKnownFileType = sourcecode.c.objc; path = MasBasicViewController.m; sourceTree = "<group>"; };
		18C0789520103DFC00E8A758 /* ScrollViewController.h */ = {isa = PBXFileReference; lastKnownFileType = sourcecode.c.h; path = ScrollViewController.h; sourceTree = "<group>"; };
		18C0789620103DFC00E8A758 /* ScrollViewController.m */ = {isa = PBXFileReference; lastKnownFileType = sourcecode.c.objc; path = ScrollViewController.m; sourceTree = "<group>"; };
/* End PBXFileReference section */

/* Begin PBXFrameworksBuildPhase section */
		181C29E720075F5B002814D2 /* Frameworks */ = {
			isa = PBXFrameworksBuildPhase;
			buildActionMask = 2147483647;
			files = (
			);
			runOnlyForDeploymentPostprocessing = 0;
		};
		181C29FF20075F5B002814D2 /* Frameworks */ = {
			isa = PBXFrameworksBuildPhase;
			buildActionMask = 2147483647;
			files = (
			);
			runOnlyForDeploymentPostprocessing = 0;
		};
		181C2A0A20075F5B002814D2 /* Frameworks */ = {
			isa = PBXFrameworksBuildPhase;
			buildActionMask = 2147483647;
			files = (
			);
			runOnlyForDeploymentPostprocessing = 0;
		};
/* End PBXFrameworksBuildPhase section */

/* Begin PBXGroup section */
		181C29E120075F5B002814D2 = {
			isa = PBXGroup;
			children = (
				181C29EC20075F5B002814D2 /* MasonryTest */,
				181C2A0520075F5B002814D2 /* MasonryTestTests */,
				181C2A1020075F5B002814D2 /* MasonryTestUITests */,
				181C29EB20075F5B002814D2 /* Products */,
			);
			sourceTree = "<group>";
		};
		181C29EB20075F5B002814D2 /* Products */ = {
			isa = PBXGroup;
			children = (
				181C29EA20075F5B002814D2 /* MasonryTest.app */,
				181C2A0220075F5B002814D2 /* MasonryTestTests.xctest */,
				181C2A0D20075F5B002814D2 /* MasonryTestUITests.xctest */,
			);
			name = Products;
			sourceTree = "<group>";
		};
		181C29EC20075F5B002814D2 /* MasonryTest */ = {
			isa = PBXGroup;
			children = (
				181C2A332008815D002814D2 /* 布局 */,
				181C2A25200855AD002814D2 /* TheSameInsetViewController.h */,
				181C2A26200855AD002814D2 /* TheSameInsetViewController.m */,
				181C2A2220085194002814D2 /* HomeViewController.h */,
				181C2A2320085194002814D2 /* HomeViewController.m */,
				181C2A1F200850AB002814D2 /* BasicViewController.h */,
				181C2A20200850AB002814D2 /* BasicViewController.m */,
				181C29ED20075F5B002814D2 /* AppDelegate.h */,
				181C29EE20075F5B002814D2 /* AppDelegate.m */,
				181C29F020075F5B002814D2 /* ViewController.h */,
				181C29F120075F5B002814D2 /* ViewController.m */,
				181C29F320075F5B002814D2 /* Main.storyboard */,
				181C29F620075F5B002814D2 /* Assets.xcassets */,
				181C29F820075F5B002814D2 /* LaunchScreen.storyboard */,
				181C29FB20075F5B002814D2 /* Info.plist */,
				181C29FC20075F5B002814D2 /* main.m */,
				181C2A2820085967002814D2 /* Test1ViewController.h */,
				181C2A2920085967002814D2 /* Test1ViewController.m */,
				18707284200C3F9A00690BF6 /* MasBasicViewController.h */,
				18707285200C3F9A00690BF6 /* MasBasicViewController.m */,
				18C0789520103DFC00E8A758 /* ScrollViewController.h */,
				18C0789620103DFC00E8A758 /* ScrollViewController.m */,
			);
			path = MasonryTest;
			sourceTree = "<group>";
		};
		181C2A0520075F5B002814D2 /* MasonryTestTests */ = {
			isa = PBXGroup;
			children = (
				181C2A0620075F5B002814D2 /* MasonryTestTests.m */,
				181C2A0820075F5B002814D2 /* Info.plist */,
			);
			path = MasonryTestTests;
			sourceTree = "<group>";
		};
		181C2A1020075F5B002814D2 /* MasonryTestUITests */ = {
			isa = PBXGroup;
			children = (
				181C2A1120075F5B002814D2 /* MasonryTestUITests.m */,
				181C2A1320075F5B002814D2 /* Info.plist */,
			);
			path = MasonryTestUITests;
			sourceTree = "<group>";
		};
		181C2A332008815D002814D2 /* 布局 */ = {
			isa = PBXGroup;
			children = (
				181C2A3E20088177002814D2 /* MASCompositeConstraint.h */,
				181C2A3820088177002814D2 /* MASCompositeConstraint.m */,
				181C2A4620088178002814D2 /* MASConstraint.h */,
				181C2A4220088177002814D2 /* MASConstraint.m */,
				181C2A4820088178002814D2 /* MASConstraint+Private.h */,
				181C2A3C20088177002814D2 /* MASConstraintMaker.h */,
				181C2A3D20088177002814D2 /* MASConstraintMaker.m */,
				181C2A3F20088177002814D2 /* MASLayoutConstraint.h */,
				181C2A3420088177002814D2 /* MASLayoutConstraint.m */,
				181C2A3A20088177002814D2 /* Masonry.h */,
				181C2A4520088178002814D2 /* MASUtilities.h */,
				181C2A4920088178002814D2 /* MASViewAttribute.h */,
				181C2A4120088177002814D2 /* MASViewAttribute.m */,
				181C2A3B20088177002814D2 /* MASViewConstraint.h */,
				181C2A4720088178002814D2 /* MASViewConstraint.m */,
				181C2A4020088177002814D2 /* NSArray+MASAdditions.h */,
				181C2A4C20088178002814D2 /* NSArray+MASAdditions.m */,
				181C2A4A20088178002814D2 /* NSArray+MASShorthandAdditions.h */,
				181C2A3620088177002814D2 /* NSLayoutConstraint+MASDebugAdditions.h */,
				181C2A4420088178002814D2 /* NSLayoutConstraint+MASDebugAdditions.m */,
				181C2A4B20088178002814D2 /* View+MASAdditions.h */,
				181C2A3520088177002814D2 /* View+MASAdditions.m */,
				181C2A4320088177002814D2 /* View+MASShorthandAdditions.h */,
				181C2A3720088177002814D2 /* ViewController+MASAdditions.h */,
				181C2A3920088177002814D2 /* ViewController+MASAdditions.m */,
			);
			path = "布局";
			sourceTree = "<group>";
		};
/* End PBXGroup section */

/* Begin PBXNativeTarget section */
		181C29E920075F5B002814D2 /* MasonryTest */ = {
			isa = PBXNativeTarget;
			buildConfigurationList = 181C2A1620075F5B002814D2 /* Build configuration list for PBXNativeTarget "MasonryTest" */;
			buildPhases = (
				181C29E620075F5B002814D2 /* Sources */,
				181C29E720075F5B002814D2 /* Frameworks */,
				181C29E820075F5B002814D2 /* Resources */,
			);
			buildRules = (
			);
			dependencies = (
			);
			name = MasonryTest;
			productName = MasonryTest;
			productReference = 181C29EA20075F5B002814D2 /* MasonryTest.app */;
			productType = "com.apple.product-type.application";
		};
		181C2A0120075F5B002814D2 /* MasonryTestTests */ = {
			isa = PBXNativeTarget;
			buildConfigurationList = 181C2A1920075F5B002814D2 /* Build configuration list for PBXNativeTarget "MasonryTestTests" */;
			buildPhases = (
				181C29FE20075F5B002814D2 /* Sources */,
				181C29FF20075F5B002814D2 /* Frameworks */,
				181C2A0020075F5B002814D2 /* Resources */,
			);
			buildRules = (
			);
			dependencies = (
				181C2A0420075F5B002814D2 /* PBXTargetDependency */,
			);
			name = MasonryTestTests;
			productName = MasonryTestTests;
			productReference = 181C2A0220075F5B002814D2 /* MasonryTestTests.xctest */;
			productType = "com.apple.product-type.bundle.unit-test";
		};
		181C2A0C20075F5B002814D2 /* MasonryTestUITests */ = {
			isa = PBXNativeTarget;
			buildConfigurationList = 181C2A1C20075F5B002814D2 /* Build configuration list for PBXNativeTarget "MasonryTestUITests" */;
			buildPhases = (
				181C2A0920075F5B002814D2 /* Sources */,
				181C2A0A20075F5B002814D2 /* Frameworks */,
				181C2A0B20075F5B002814D2 /* Resources */,
			);
			buildRules = (
			);
			dependencies = (
				181C2A0F20075F5B002814D2 /* PBXTargetDependency */,
			);
			name = MasonryTestUITests;
			productName = MasonryTestUITests;
			productReference = 181C2A0D20075F5B002814D2 /* MasonryTestUITests.xctest */;
			productType = "com.apple.product-type.bundle.ui-testing";
		};
/* End PBXNativeTarget section */

/* Begin PBXProject section */
		181C29E220075F5B002814D2 /* Project object */ = {
			isa = PBXProject;
			attributes = {
				LastUpgradeCheck = 0920;
				ORGANIZATIONNAME = dahuoshi;
				TargetAttributes = {
					181C29E920075F5B002814D2 = {
						CreatedOnToolsVersion = 9.2;
						ProvisioningStyle = Automatic;
					};
					181C2A0120075F5B002814D2 = {
						CreatedOnToolsVersion = 9.2;
						ProvisioningStyle = Automatic;
						TestTargetID = 181C29E920075F5B002814D2;
					};
					181C2A0C20075F5B002814D2 = {
						CreatedOnToolsVersion = 9.2;
						ProvisioningStyle = Automatic;
						TestTargetID = 181C29E920075F5B002814D2;
					};
				};
			};
			buildConfigurationList = 181C29E520075F5B002814D2 /* Build configuration list for PBXProject "MasonryTest" */;
			compatibilityVersion = "Xcode 8.0";
			developmentRegion = en;
			hasScannedForEncodings = 0;
			knownRegions = (
				en,
				Base,
			);
			mainGroup = 181C29E120075F5B002814D2;
			productRefGroup = 181C29EB20075F5B002814D2 /* Products */;
			projectDirPath = "";
			projectRoot = "";
			targets = (
				181C29E920075F5B002814D2 /* MasonryTest */,
				181C2A0120075F5B002814D2 /* MasonryTestTests */,
				181C2A0C20075F5B002814D2 /* MasonryTestUITests */,
			);
		};
/* End PBXProject section */

/* Begin PBXResourcesBuildPhase section */
		181C29E820075F5B002814D2 /* Resources */ = {
			isa = PBXResourcesBuildPhase;
			buildActionMask = 2147483647;
			files = (
				181C29FA20075F5B002814D2 /* LaunchScreen.storyboard in Resources */,
				181C29F720075F5B002814D2 /* Assets.xcassets in Resources */,
				181C29F520075F5B002814D2 /* Main.storyboard in Resources */,
			);
			runOnlyForDeploymentPostprocessing = 0;
		};
		181C2A0020075F5B002814D2 /* Resources */ = {
			isa = PBXResourcesBuildPhase;
			buildActionMask = 2147483647;
			files = (
			);
			runOnlyForDeploymentPostprocessing = 0;
		};
		181C2A0B20075F5B002814D2 /* Resources */ = {
			isa = PBXResourcesBuildPhase;
			buildActionMask = 2147483647;
			files = (
			);
			runOnlyForDeploymentPostprocessing = 0;
		};
/* End PBXResourcesBuildPhase section */

/* Begin PBXSourcesBuildPhase section */
		181C29E620075F5B002814D2 /* Sources */ = {
			isa = PBXSourcesBuildPhase;
			buildActionMask = 2147483647;
			files = (
				181C29F220075F5B002814D2 /* ViewController.m in Sources */,
				181C2A21200850AB002814D2 /* BasicViewController.m in Sources */,
				181C2A27200855AD002814D2 /* TheSameInsetViewController.m in Sources */,
				181C29FD20075F5B002814D2 /* main.m in Sources */,
				181C2A4F20088178002814D2 /* MASCompositeConstraint.m in Sources */,
				181C2A5120088178002814D2 /* MASConstraintMaker.m in Sources */,
				181C2A5020088178002814D2 /* ViewController+MASAdditions.m in Sources */,
				181C2A4D20088178002814D2 /* MASLayoutConstraint.m in Sources */,
				181C2A5420088178002814D2 /* NSLayoutConstraint+MASDebugAdditions.m in Sources */,
				18C0789720103DFC00E8A758 /* ScrollViewController.m in Sources */,
				18707286200C3F9A00690BF6 /* MasBasicViewController.m in Sources */,
				181C2A2A20085967002814D2 /* Test1ViewController.m in Sources */,
				181C2A2420085194002814D2 /* HomeViewController.m in Sources */,
				181C29EF20075F5B002814D2 /* AppDelegate.m in Sources */,
				181C2A5620088178002814D2 /* NSArray+MASAdditions.m in Sources */,
				181C2A4E20088178002814D2 /* View+MASAdditions.m in Sources */,
				181C2A5320088178002814D2 /* MASConstraint.m in Sources */,
				181C2A5220088178002814D2 /* MASViewAttribute.m in Sources */,
				181C2A5520088178002814D2 /* MASViewConstraint.m in Sources */,
			);
			runOnlyForDeploymentPostprocessing = 0;
		};
		181C29FE20075F5B002814D2 /* Sources */ = {
			isa = PBXSourcesBuildPhase;
			buildActionMask = 2147483647;
			files = (
				181C2A0720075F5B002814D2 /* MasonryTestTests.m in Sources */,
			);
			runOnlyForDeploymentPostprocessing = 0;
		};
		181C2A0920075F5B002814D2 /* Sources */ = {
			isa = PBXSourcesBuildPhase;
			buildActionMask = 2147483647;
			files = (
				181C2A1220075F5B002814D2 /* MasonryTestUITests.m in Sources */,
			);
			runOnlyForDeploymentPostprocessing = 0;
		};
/* End PBXSourcesBuildPhase section */

/* Begin PBXTargetDependency section */
		181C2A0420075F5B002814D2 /* PBXTargetDependency */ = {
			isa = PBXTargetDependency;
			target = 181C29E920075F5B002814D2 /* MasonryTest */;
			targetProxy = 181C2A0320075F5B002814D2 /* PBXContainerItemProxy */;
		};
		181C2A0F20075F5B002814D2 /* PBXTargetDependency */ = {
			isa = PBXTargetDependency;
			target = 181C29E920075F5B002814D2 /* MasonryTest */;
			targetProxy = 181C2A0E20075F5B002814D2 /* PBXContainerItemProxy */;
		};
/* End PBXTargetDependency section */

/* Begin PBXVariantGroup section */
		181C29F320075F5B002814D2 /* Main.storyboard */ = {
			isa = PBXVariantGroup;
			children = (
				181C29F420075F5B002814D2 /* Base */,
			);
			name = Main.storyboard;
			sourceTree = "<group>";
		};
		181C29F820075F5B002814D2 /* LaunchScreen.storyboard */ = {
			isa = PBXVariantGroup;
			children = (
				181C29F920075F5B002814D2 /* Base */,
			);
			name = LaunchScreen.storyboard;
			sourceTree = "<group>";
		};
/* End PBXVariantGroup section */

/* Begin XCBuildConfiguration section */
		181C2A1420075F5B002814D2 /* Debug */ = {
			isa = XCBuildConfiguration;
			buildSettings = {
				ALWAYS_SEARCH_USER_PATHS = NO;
				CLANG_ANALYZER_NONNULL = YES;
				CLANG_ANALYZER_NUMBER_OBJECT_CONVERSION = YES_AGGRESSIVE;
				CLANG_CXX_LANGUAGE_STANDARD = "gnu++14";
				CLANG_CXX_LIBRARY = "libc++";
				CLANG_ENABLE_MODULES = YES;
				CLANG_ENABLE_OBJC_ARC = YES;
				CLANG_WARN_BLOCK_CAPTURE_AUTORELEASING = YES;
				CLANG_WARN_BOOL_CONVERSION = YES;
				CLANG_WARN_COMMA = YES;
				CLANG_WARN_CONSTANT_CONVERSION = YES;
				CLANG_WARN_DIRECT_OBJC_ISA_USAGE = YES_ERROR;
				CLANG_WARN_DOCUMENTATION_COMMENTS = YES;
				CLANG_WARN_EMPTY_BODY = YES;
				CLANG_WARN_ENUM_CONVERSION = YES;
				CLANG_WARN_INFINITE_RECURSION = YES;
				CLANG_WARN_INT_CONVERSION = YES;
				CLANG_WARN_NON_LITERAL_NULL_CONVERSION = YES;
				CLANG_WARN_OBJC_LITERAL_CONVERSION = YES;
				CLANG_WARN_OBJC_ROOT_CLASS = YES_ERROR;
				CLANG_WARN_RANGE_LOOP_ANALYSIS = YES;
				CLANG_WARN_STRICT_PROTOTYPES = YES;
				CLANG_WARN_SUSPICIOUS_MOVE = YES;
				CLANG_WARN_UNGUARDED_AVAILABILITY = YES_AGGRESSIVE;
				CLANG_WARN_UNREACHABLE_CODE = YES;
				CLANG_WARN__DUPLICATE_METHOD_MATCH = YES;
				CODE_SIGN_IDENTITY = "iPhone Developer";
				COPY_PHASE_STRIP = NO;
				DEBUG_INFORMATION_FORMAT = dwarf;
				ENABLE_STRICT_OBJC_MSGSEND = YES;
				ENABLE_TESTABILITY = YES;
				GCC_C_LANGUAGE_STANDARD = gnu11;
				GCC_DYNAMIC_NO_PIC = NO;
				GCC_NO_COMMON_BLOCKS = YES;
				GCC_OPTIMIZATION_LEVEL = 0;
				GCC_PREPROCESSOR_DEFINITIONS = (
					"DEBUG=1",
					"$(inherited)",
				);
				GCC_WARN_64_TO_32_BIT_CONVERSION = YES;
				GCC_WARN_ABOUT_RETURN_TYPE = YES_ERROR;
				GCC_WARN_UNDECLARED_SELECTOR = YES;
				GCC_WARN_UNINITIALIZED_AUTOS = YES_AGGRESSIVE;
				GCC_WARN_UNUSED_FUNCTION = YES;
				GCC_WARN_UNUSED_VARIABLE = YES;
				IPHONEOS_DEPLOYMENT_TARGET = 11.2;
				MTL_ENABLE_DEBUG_INFO = YES;
				ONLY_ACTIVE_ARCH = YES;
				SDKROOT = iphoneos;
			};
			name = Debug;
		};
		181C2A1520075F5B002814D2 /* Release */ = {
			isa = XCBuildConfiguration;
			buildSettings = {
				ALWAYS_SEARCH_USER_PATHS = NO;
				CLANG_ANALYZER_NONNULL = YES;
				CLANG_ANALYZER_NUMBER_OBJECT_CONVERSION = YES_AGGRESSIVE;
				CLANG_CXX_LANGUAGE_STANDARD = "gnu++14";
				CLANG_CXX_LIBRARY = "libc++";
				CLANG_ENABLE_MODULES = YES;
				CLANG_ENABLE_OBJC_ARC = YES;
				CLANG_WARN_BLOCK_CAPTURE_AUTORELEASING = YES;
				CLANG_WARN_BOOL_CONVERSION = YES;
				CLANG_WARN_COMMA = YES;
				CLANG_WARN_CONSTANT_CONVERSION = YES;
				CLANG_WARN_DIRECT_OBJC_ISA_USAGE = YES_ERROR;
				CLANG_WARN_DOCUMENTATION_COMMENTS = YES;
				CLANG_WARN_EMPTY_BODY = YES;
				CLANG_WARN_ENUM_CONVERSION = YES;
				CLANG_WARN_INFINITE_RECURSION = YES;
				CLANG_WARN_INT_CONVERSION = YES;
				CLANG_WARN_NON_LITERAL_NULL_CONVERSION = YES;
				CLANG_WARN_OBJC_LITERAL_CONVERSION = YES;
				CLANG_WARN_OBJC_ROOT_CLASS = YES_ERROR;
				CLANG_WARN_RANGE_LOOP_ANALYSIS = YES;
				CLANG_WARN_STRICT_PROTOTYPES = YES;
				CLANG_WARN_SUSPICIOUS_MOVE = YES;
				CLANG_WARN_UNGUARDED_AVAILABILITY = YES_AGGRESSIVE;
				CLANG_WARN_UNREACHABLE_CODE = YES;
				CLANG_WARN__DUPLICATE_METHOD_MATCH = YES;
				CODE_SIGN_IDENTITY = "iPhone Developer";
				COPY_PHASE_STRIP = NO;
				DEBUG_INFORMATION_FORMAT = "dwarf-with-dsym";
				ENABLE_NS_ASSERTIONS = NO;
				ENABLE_STRICT_OBJC_MSGSEND = YES;
				GCC_C_LANGUAGE_STANDARD = gnu11;
				GCC_NO_COMMON_BLOCKS = YES;
				GCC_WARN_64_TO_32_BIT_CONVERSION = YES;
				GCC_WARN_ABOUT_RETURN_TYPE = YES_ERROR;
				GCC_WARN_UNDECLARED_SELECTOR = YES;
				GCC_WARN_UNINITIALIZED_AUTOS = YES_AGGRESSIVE;
				GCC_WARN_UNUSED_FUNCTION = YES;
				GCC_WARN_UNUSED_VARIABLE = YES;
				IPHONEOS_DEPLOYMENT_TARGET = 11.2;
				MTL_ENABLE_DEBUG_INFO = NO;
				SDKROOT = iphoneos;
				VALIDATE_PRODUCT = YES;
			};
			name = Release;
		};
		181C2A1720075F5B002814D2 /* Debug */ = {
			isa = XCBuildConfiguration;
			buildSettings = {
				ASSETCATALOG_COMPILER_APPICON_NAME = AppIcon;
				CODE_SIGN_STYLE = Automatic;
				DEVELOPMENT_TEAM = H5PY75XDDR;
				INFOPLIST_FILE = MasonryTest/Info.plist;
				LD_RUNPATH_SEARCH_PATHS = "$(inherited) @executable_path/Frameworks";
				PRODUCT_BUNDLE_IDENTIFIER = com.sawyer.MasonryTest;
				PRODUCT_NAME = "$(TARGET_NAME)";
				TARGETED_DEVICE_FAMILY = "1,2";
			};
			name = Debug;
		};
		181C2A1820075F5B002814D2 /* Release */ = {
			isa = XCBuildConfiguration;
			buildSettings = {
				ASSETCATALOG_COMPILER_APPICON_NAME = AppIcon;
				CODE_SIGN_STYLE = Automatic;
				DEVELOPMENT_TEAM = H5PY75XDDR;
				INFOPLIST_FILE = MasonryTest/Info.plist;
				LD_RUNPATH_SEARCH_PATHS = "$(inherited) @executable_path/Frameworks";
				PRODUCT_BUNDLE_IDENTIFIER = com.sawyer.MasonryTest;
				PRODUCT_NAME = "$(TARGET_NAME)";
				TARGETED_DEVICE_FAMILY = "1,2";
			};
			name = Release;
		};
		181C2A1A20075F5B002814D2 /* Debug */ = {
			isa = XCBuildConfiguration;
			buildSettings = {
				BUNDLE_LOADER = "$(TEST_HOST)";
				CODE_SIGN_STYLE = Automatic;
				DEVELOPMENT_TEAM = H5PY75XDDR;
				INFOPLIST_FILE = MasonryTestTests/Info.plist;
				LD_RUNPATH_SEARCH_PATHS = "$(inherited) @executable_path/Frameworks @loader_path/Frameworks";
				PRODUCT_BUNDLE_IDENTIFIER = com.sawyer.MasonryTestTests;
				PRODUCT_NAME = "$(TARGET_NAME)";
				TARGETED_DEVICE_FAMILY = "1,2";
				TEST_HOST = "$(BUILT_PRODUCTS_DIR)/MasonryTest.app/MasonryTest";
			};
			name = Debug;
		};
		181C2A1B20075F5B002814D2 /* Release */ = {
			isa = XCBuildConfiguration;
			buildSettings = {
				BUNDLE_LOADER = "$(TEST_HOST)";
				CODE_SIGN_STYLE = Automatic;
				DEVELOPMENT_TEAM = H5PY75XDDR;
				INFOPLIST_FILE = MasonryTestTests/Info.plist;
				LD_RUNPATH_SEARCH_PATHS = "$(inherited) @executable_path/Frameworks @loader_path/Frameworks";
				PRODUCT_BUNDLE_IDENTIFIER = com.sawyer.MasonryTestTests;
				PRODUCT_NAME = "$(TARGET_NAME)";
				TARGETED_DEVICE_FAMILY = "1,2";
				TEST_HOST = "$(BUILT_PRODUCTS_DIR)/MasonryTest.app/MasonryTest";
			};
			name = Release;
		};
		181C2A1D20075F5B002814D2 /* Debug */ = {
			isa = XCBuildConfiguration;
			buildSettings = {
				CODE_SIGN_STYLE = Automatic;
				DEVELOPMENT_TEAM = H5PY75XDDR;
				INFOPLIST_FILE = MasonryTestUITests/Info.plist;
				LD_RUNPATH_SEARCH_PATHS = "$(inherited) @executable_path/Frameworks @loader_path/Frameworks";
				PRODUCT_BUNDLE_IDENTIFIER = com.sawyer.MasonryTestUITests;
				PRODUCT_NAME = "$(TARGET_NAME)";
				TARGETED_DEVICE_FAMILY = "1,2";
				TEST_TARGET_NAME = MasonryTest;
			};
			name = Debug;
		};
		181C2A1E20075F5B002814D2 /* Release */ = {
			isa = XCBuildConfiguration;
			buildSettings = {
				CODE_SIGN_STYLE = Automatic;
				DEVELOPMENT_TEAM = H5PY75XDDR;
				INFOPLIST_FILE = MasonryTestUITests/Info.plist;
				LD_RUNPATH_SEARCH_PATHS = "$(inherited) @executable_path/Frameworks @loader_path/Frameworks";
				PRODUCT_BUNDLE_IDENTIFIER = com.sawyer.MasonryTestUITests;
				PRODUCT_NAME = "$(TARGET_NAME)";
				TARGETED_DEVICE_FAMILY = "1,2";
				TEST_TARGET_NAME = MasonryTest;
			};
			name = Release;
		};
/* End XCBuildConfiguration section */

/* Begin XCConfigurationList section */
		181C29E520075F5B002814D2 /* Build configuration list for PBXProject "MasonryTest" */ = {
			isa = XCConfigurationList;
			buildConfigurations = (
				181C2A1420075F5B002814D2 /* Debug */,
				181C2A1520075F5B002814D2 /* Release */,
			);
			defaultConfigurationIsVisible = 0;
			defaultConfigurationName = Release;
		};
		181C2A1620075F5B002814D2 /* Build configuration list for PBXNativeTarget "MasonryTest" */ = {
			isa = XCConfigurationList;
			buildConfigurations = (
				181C2A1720075F5B002814D2 /* Debug */,
				181C2A1820075F5B002814D2 /* Release */,
			);
			defaultConfigurationIsVisible = 0;
			defaultConfigurationName = Release;
		};
		181C2A1920075F5B002814D2 /* Build configuration list for PBXNativeTarget "MasonryTestTests" */ = {
			isa = XCConfigurationList;
			buildConfigurations = (
				181C2A1A20075F5B002814D2 /* Debug */,
				181C2A1B20075F5B002814D2 /* Release */,
			);
			defaultConfigurationIsVisible = 0;
			defaultConfigurationName = Release;
		};
		181C2A1C20075F5B002814D2 /* Build configuration list for PBXNativeTarget "MasonryTestUITests" */ = {
			isa = XCConfigurationList;
			buildConfigurations = (
				181C2A1D20075F5B002814D2 /* Debug */,
				181C2A1E20075F5B002814D2 /* Release */,
			);
			defaultConfigurationIsVisible = 0;
			defaultConfigurationName = Release;
		};
/* End XCConfigurationList section */
	};
	rootObject = 181C29E220075F5B002814D2 /* Project object */;
}
